PODS:
  - APParallaxHeader (0.1.6)
  - BFPaperTableViewCell (2.3.3):
    - UIColor+BFPaperColors
  - FlatUIKit (1.6.2)
  - IGLDropDownMenu (1.5.0)
  - UIColor+BFPaperColors (1.7.2)

DEPENDENCIES:
  - APParallaxHeader
  - BFPaperTableViewCell (~> 2.3.3)
  - FlatUIKit
  - IGLDropDownMenu

SPEC CHECKSUMS:
  APParallaxHeader: 854bc48a2487ca12c702f8a236fec0d89cdac5c3
  BFPaperTableViewCell: 71fbd5fc1b3479c0c8620dc121d31d2a6694b4a8
  FlatUIKit: 1b41f0d4952ce8d970d8479ce79df54a960242c4
  IGLDropDownMenu: 1ce06c17b4846f784e2b610f90bd741ab2037f2c
  UIColor+BFPaperColors: 03101fe6c10ed00c6daae7c26553f1de41500853

PODFILE CHECKSUM: 6f17f077d46aeb09806140481ca7541124ee7898

COCOAPODS: 1.0.0
